// !$*UTF8*$!
{
	archiveVersion = 1;
	classes = {
	};
	objectVersion = 50;
	objects = {

/* Begin PBXBuildFile section */
		349E2F4421B10BA6007400B2 /* AppDelegate.swift in Sources */ = {isa = PBXBuildFile; fileRef = 349E2F4321B10BA6007400B2 /* AppDelegate.swift */; };
		349E2F4621B10BA6007400B2 /* ViewController.swift in Sources */ = {isa = PBXBuildFile; fileRef = 349E2F4521B10BA6007400B2 /* ViewController.swift */; };
		349E2F4921B10BA7007400B2 /* Main.storyboard in Resources */ = {isa = PBXBuildFile; fileRef = 349E2F4721B10BA7007400B2 /* Main.storyboard */; };
		349E2F4B21B10BAF007400B2 /* Assets.xcassets in Resources */ = {isa = PBXBuildFile; fileRef = 349E2F4A21B10BAF007400B2 /* Assets.xcassets */; };
		349E2F4E21B10BAF007400B2 /* LaunchScreen.storyboard in Resources */ = {isa = PBXBuildFile; fileRef = 349E2F4C21B10BAF007400B2 /* LaunchScreen.storyboard */; };
		349E2F5921B10BAF007400B2 /* GoodNightFMTests.swift in Sources */ = {isa = PBXBuildFile; fileRef = 349E2F5821B10BAF007400B2 /* GoodNightFMTests.swift */; };
		349E2F6421B10BAF007400B2 /* GoodNightFMUITests.swift in Sources */ = {isa = PBXBuildFile; fileRef = 349E2F6321B10BAF007400B2 /* GoodNightFMUITests.swift */; };
/* End PBXBuildFile section */

/* Begin PBXContainerItemProxy section */
		349E2F5521B10BAF007400B2 /* PBXContainerItemProxy */ = {
			isa = PBXContainerItemProxy;
			containerPortal = 349E2F3821B10BA6007400B2 /* Project object */;
			proxyType = 1;
			remoteGlobalIDString = 349E2F3F21B10BA6007400B2;
			remoteInfo = GoodNightFM;
		};
		349E2F6021B10BAF007400B2 /* PBXContainerItemProxy */ = {
			isa = PBXContainerItemProxy;
			containerPortal = 349E2F3821B10BA6007400B2 /* Project object */;
			proxyType = 1;
			remoteGlobalIDString = 349E2F3F21B10BA6007400B2;
			remoteInfo = GoodNightFM;
		};
/* End PBXContainerItemProxy section */

/* Begin PBXFileReference section */
		349E2F4021B10BA6007400B2 /* GoodNightFM.app */ = {isa = PBXFileReference; explicitFileType = wrapper.application; includeInIndex = 0; path = GoodNightFM.app; sourceTree = BUILT_PRODUCTS_DIR; };
		349E2F4321B10BA6007400B2 /* AppDelegate.swift */ = {isa = PBXFileReference; lastKnownFileType = sourcecode.swift; path = AppDelegate.swift; sourceTree = "<group>"; };
		349E2F4521B10BA6007400B2 /* ViewController.swift */ = {isa = PBXFileReference; lastKnownFileType = sourcecode.swift; path = ViewController.swift; sourceTree = "<group>"; };
		349E2F4821B10BA7007400B2 /* Base */ = {isa = PBXFileReference; lastKnownFileType = file.storyboard; name = Base; path = Base.lproj/Main.storyboard; sourceTree = "<group>"; };
		349E2F4A21B10BAF007400B2 /* Assets.xcassets */ = {isa = PBXFileReference; lastKnownFileType = folder.assetcatalog; path = Assets.xcassets; sourceTree = "<group>"; };
		349E2F4D21B10BAF007400B2 /* Base */ = {isa = PBXFileReference; lastKnownFileType = file.storyboard; name = Base; path = Base.lproj/LaunchScreen.storyboard; sourceTree = "<group>"; };
		349E2F4F21B10BAF007400B2 /* Info.plist */ = {isa = PBXFileReference; lastKnownFileType = text.plist.xml; path = Info.plist; sourceTree = "<group>"; };
		349E2F5421B10BAF007400B2 /* GoodNightFMTests.xctest */ = {isa = PBXFileReference; explicitFileType = wrapper.cfbundle; includeInIndex = 0; path = GoodNightFMTests.xctest; sourceTree = BUILT_PRODUCTS_DIR; };
		349E2F5821B10BAF007400B2 /* GoodNightFMTests.swift */ = {isa = PBXFileReference; lastKnownFileType = sourcecode.swift; path = GoodNightFMTests.swift; sourceTree = "<group>"; };
		349E2F5A21B10BAF007400B2 /* Info.plist */ = {isa = PBXFileReference; lastKnownFileType = text.plist.xml; path = Info.plist; sourceTree = "<group>"; };
		349E2F5F21B10BAF007400B2 /* GoodNightFMUITests.xctest */ = {isa = PBXFileReference; explicitFileType = wrapper.cfbundle; includeInIndex = 0; path = GoodNightFMUITests.xctest; sourceTree = BUILT_PRODUCTS_DIR; };
		349E2F6321B10BAF007400B2 /* GoodNightFMUITests.swift */ = {isa = PBXFileReference; lastKnownFileType = sourcecode.swift; path = GoodNightFMUITests.swift; sourceTree = "<group>"; };
		349E2F6521B10BAF007400B2 /* Info.plist */ = {isa = PBXFileReference; lastKnownFileType = text.plist.xml; path = Info.plist; sourceTree = "<group>"; };
/* End PBXFileReference section */

/* Begin PBXFrameworksBuildPhase section */
		349E2F3D21B10BA6007400B2 /* Frameworks */ = {
			isa = PBXFrameworksBuildPhase;
			buildActionMask = 2147483647;
			files = (
			);
			runOnlyForDeploymentPostprocessing = 0;
		};
		349E2F5121B10BAF007400B2 /* Frameworks */ = {
			isa = PBXFrameworksBuildPhase;
			buildActionMask = 2147483647;
			files = (
			);
			runOnlyForDeploymentPostprocessing = 0;
		};
		349E2F5C21B10BAF007400B2 /* Frameworks */ = {
			isa = PBXFrameworksBuildPhase;
			buildActionMask = 2147483647;
			files = (
			);
			runOnlyForDeploymentPostprocessing = 0;
		};
/* End PBXFrameworksBuildPhase section */

/* Begin PBXGroup section */
		349E2F3721B10BA6007400B2 = {
			isa = PBXGroup;
			children = (
				349E2F4221B10BA6007400B2 /* GoodNightFM */,
				349E2F5721B10BAF007400B2 /* GoodNightFMTests */,
				349E2F6221B10BAF007400B2 /* GoodNightFMUITests */,
				349E2F4121B10BA6007400B2 /* Products */,
			);
			sourceTree = "<group>";
		};
		349E2F4121B10BA6007400B2 /* Products */ = {
			isa = PBXGroup;
			children = (
				349E2F4021B10BA6007400B2 /* GoodNightFM.app */,
				349E2F5421B10BAF007400B2 /* GoodNightFMTests.xctest */,
				349E2F5F21B10BAF007400B2 /* GoodNightFMUITests.xctest */,
			);
			name = Products;
			sourceTree = "<group>";
		};
		349E2F4221B10BA6007400B2 /* GoodNightFM */ = {
			isa = PBXGroup;
			children = (
				349E2F4321B10BA6007400B2 /* AppDelegate.swift */,
				349E2F4521B10BA6007400B2 /* ViewController.swift */,
				349E2F4721B10BA7007400B2 /* Main.storyboard */,
				349E2F4A21B10BAF007400B2 /* Assets.xcassets */,
				349E2F4C21B10BAF007400B2 /* LaunchScreen.storyboard */,
				349E2F4F21B10BAF007400B2 /* Info.plist */,
			);
			path = GoodNightFM;
			sourceTree = "<group>";
		};
		349E2F5721B10BAF007400B2 /* GoodNightFMTests */ = {
			isa = PBXGroup;
			children = (
				349E2F5821B10BAF007400B2 /* GoodNightFMTests.swift */,
				349E2F5A21B10BAF007400B2 /* Info.plist */,
			);
			path = GoodNightFMTests;
			sourceTree = "<group>";
		};
		349E2F6221B10BAF007400B2 /* GoodNightFMUITests */ = {
			isa = PBXGroup;
			children = (
				349E2F6321B10BAF007400B2 /* GoodNightFMUITests.swift */,
				349E2F6521B10BAF007400B2 /* Info.plist */,
			);
			path = GoodNightFMUITests;
			sourceTree = "<group>";
		};
/* End PBXGroup section */

/* Begin PBXNativeTarget section */
		349E2F3F21B10BA6007400B2 /* GoodNightFM */ = {
			isa = PBXNativeTarget;
			buildConfigurationList = 349E2F6821B10BAF007400B2 /* Build configuration list for PBXNativeTarget "GoodNightFM" */;
			buildPhases = (
				349E2F3C21B10BA6007400B2 /* Sources */,
				349E2F3D21B10BA6007400B2 /* Frameworks */,
				349E2F3E21B10BA6007400B2 /* Resources */,
			);
			buildRules = (
			);
			dependencies = (
			);
			name = GoodNightFM;
			productName = GoodNightFM;
			productReference = 349E2F4021B10BA6007400B2 /* GoodNightFM.app */;
			productType = "com.apple.product-type.application";
		};
		349E2F5321B10BAF007400B2 /* GoodNightFMTests */ = {
			isa = PBXNativeTarget;
			buildConfigurationList = 349E2F6B21B10BAF007400B2 /* Build configuration list for PBXNativeTarget "GoodNightFMTests" */;
			buildPhases = (
				349E2F5021B10BAF007400B2 /* Sources */,
				349E2F5121B10BAF007400B2 /* Frameworks */,
				349E2F5221B10BAF007400B2 /* Resources */,
			);
			buildRules = (
			);
			dependencies = (
				349E2F5621B10BAF007400B2 /* PBXTargetDependency */,
			);
			name = GoodNightFMTests;
			productName = GoodNightFMTests;
			productReference = 349E2F5421B10BAF007400B2 /* GoodNightFMTests.xctest */;
			productType = "com.apple.product-type.bundle.unit-test";
		};
		349E2F5E21B10BAF007400B2 /* GoodNightFMUITests */ = {
			isa = PBXNativeTarget;
			buildConfigurationList = 349E2F6E21B10BAF007400B2 /* Build configuration list for PBXNativeTarget "GoodNightFMUITests" */;
			buildPhases = (
				349E2F5B21B10BAF007400B2 /* Sources */,
				349E2F5C21B10BAF007400B2 /* Frameworks */,
				349E2F5D21B10BAF007400B2 /* Resources */,
			);
			buildRules = (
			);
			dependencies = (
				349E2F6121B10BAF007400B2 /* PBXTargetDependency */,
			);
			name = GoodNightFMUITests;
			productName = GoodNightFMUITests;
			productReference = 349E2F5F21B10BAF007400B2 /* GoodNightFMUITests.xctest */;
			productType = "com.apple.product-type.bundle.ui-testing";
		};
/* End PBXNativeTarget section */

/* Begin PBXProject section */
		349E2F3821B10BA6007400B2 /* Project object */ = {
			isa = PBXProject;
			attributes = {
				LastSwiftUpdateCheck = 1000;
				LastUpgradeCheck = 1000;
				ORGANIZATIONNAME = "李彦宏";
				TargetAttributes = {
					349E2F3F21B10BA6007400B2 = {
						CreatedOnToolsVersion = 10.0;
					};
					349E2F5321B10BAF007400B2 = {
						CreatedOnToolsVersion = 10.0;
						TestTargetID = 349E2F3F21B10BA6007400B2;
					};
					349E2F5E21B10BAF007400B2 = {
						CreatedOnToolsVersion = 10.0;
						TestTargetID = 349E2F3F21B10BA6007400B2;
					};
				};
			};
			buildConfigurationList = 349E2F3B21B10BA6007400B2 /* Build configuration list for PBXProject "GoodNightFM" */;
			compatibilityVersion = "Xcode 9.3";
			developmentRegion = en;
			hasScannedForEncodings = 0;
			knownRegions = (
				en,
				Base,
			);
			mainGroup = 349E2F3721B10BA6007400B2;
			productRefGroup = 349E2F4121B10BA6007400B2 /* Products */;
			projectDirPath = "";
			projectRoot = "";
			targets = (
				349E2F3F21B10BA6007400B2 /* GoodNightFM */,
				349E2F5321B10BAF007400B2 /* GoodNightFMTests */,
				349E2F5E21B10BAF007400B2 /* GoodNightFMUITests */,
			);
		};
/* End PBXProject section */

/* Begin PBXResourcesBuildPhase section */
		349E2F3E21B10BA6007400B2 /* Resources */ = {
			isa = PBXResourcesBuildPhase;
			buildActionMask = 2147483647;
			files = (
				349E2F4E21B10BAF007400B2 /* LaunchScreen.storyboard in Resources */,
				349E2F4B21B10BAF007400B2 /* Assets.xcassets in Resources */,
				349E2F4921B10BA7007400B2 /* Main.storyboard in Resources */,
			);
			runOnlyForDeploymentPostprocessing = 0;
		};
		349E2F5221B10BAF007400B2 /* Resources */ = {
			isa = PBXResourcesBuildPhase;
			buildActionMask = 2147483647;
			files = (
			);
			runOnlyForDeploymentPostprocessing = 0;
		};
		349E2F5D21B10BAF007400B2 /* Resources */ = {
			isa = PBXResourcesBuildPhase;
			buildActionMask = 2147483647;
			files = (
			);
			runOnlyForDeploymentPostprocessing = 0;
		};
/* End PBXResourcesBuildPhase section */

/* Begin PBXSourcesBuildPhase section */
		349E2F3C21B10BA6007400B2 /* Sources */ = {
			isa = PBXSourcesBuildPhase;
			buildActionMask = 2147483647;
			files = (
				349E2F4621B10BA6007400B2 /* ViewController.swift in Sources */,
				349E2F4421B10BA6007400B2 /* AppDelegate.swift in Sources */,
			);
			runOnlyForDeploymentPostprocessing = 0;
		};
		349E2F5021B10BAF007400B2 /* Sources */ = {
			isa = PBXSourcesBuildPhase;
			buildActionMask = 2147483647;
			files = (
				349E2F5921B10BAF007400B2 /* GoodNightFMTests.swift in Sources */,
			);
			runOnlyForDeploymentPostprocessing = 0;
		};
		349E2F5B21B10BAF007400B2 /* Sources */ = {
			isa = PBXSourcesBuildPhase;
			buildActionMask = 2147483647;
			files = (
				349E2F6421B10BAF007400B2 /* GoodNightFMUITests.swift in Sources */,
			);
			runOnlyForDeploymentPostprocessing = 0;
		};
/* End PBXSourcesBuildPhase section */

/* Begin PBXTargetDependency section */
		349E2F5621B10BAF007400B2 /* PBXTargetDependency */ = {
			isa = PBXTargetDependency;
			target = 349E2F3F21B10BA6007400B2 /* GoodNightFM */;
			targetProxy = 349E2F5521B10BAF007400B2 /* PBXContainerItemProxy */;
		};
		349E2F6121B10BAF007400B2 /* PBXTargetDependency */ = {
			isa = PBXTargetDependency;
			target = 349E2F3F21B10BA6007400B2 /* GoodNightFM */;
			targetProxy = 349E2F6021B10BAF007400B2 /* PBXContainerItemProxy */;
		};
/* End PBXTargetDependency section */

/* Begin PBXVariantGroup section */
		349E2F4721B10BA7007400B2 /* Main.storyboard */ = {
			isa = PBXVariantGroup;
			children = (
				349E2F4821B10BA7007400B2 /* Base */,
			);
			name = Main.storyboard;
			sourceTree = "<group>";
		};
		349E2F4C21B10BAF007400B2 /* LaunchScreen.storyboard */ = {
			isa = PBXVariantGroup;
			children = (
				349E2F4D21B10BAF007400B2 /* Base */,
			);
			name = LaunchScreen.storyboard;
			sourceTree = "<group>";
		};
/* End PBXVariantGroup section */

/* Begin XCBuildConfiguration section */
		349E2F6621B10BAF007400B2 /* Debug */ = {
			isa = XCBuildConfiguration;
			buildSettings = {
				ALWAYS_SEARCH_USER_PATHS = NO;
				CLANG_ANALYZER_NONNULL = YES;
				CLANG_ANALYZER_NUMBER_OBJECT_CONVERSION = YES_AGGRESSIVE;
				CLANG_CXX_LANGUAGE_STANDARD = "gnu++14";
				CLANG_CXX_LIBRARY = "libc++";
				CLANG_ENABLE_MODULES = YES;
				CLANG_ENABLE_OBJC_ARC = YES;
				CLANG_ENABLE_OBJC_WEAK = YES;
				CLANG_WARN_BLOCK_CAPTURE_AUTORELEASING = YES;
				CLANG_WARN_BOOL_CONVERSION = YES;
				CLANG_WARN_COMMA = YES;
				CLANG_WARN_CONSTANT_CONVERSION = YES;
				CLANG_WARN_DEPRECATED_OBJC_IMPLEMENTATIONS = YES;
				CLANG_WARN_DIRECT_OBJC_ISA_USAGE = YES_ERROR;
				CLANG_WARN_DOCUMENTATION_COMMENTS = YES;
				CLANG_WARN_EMPTY_BODY = YES;
				CLANG_WARN_ENUM_CONVERSION = YES;
				CLANG_WARN_INFINITE_RECURSION = YES;
				CLANG_WARN_INT_CONVERSION = YES;
				CLANG_WARN_NON_LITERAL_NULL_CONVERSION = YES;
				CLANG_WARN_OBJC_IMPLICIT_RETAIN_SELF = YES;
				CLANG_WARN_OBJC_LITERAL_CONVERSION = YES;
				CLANG_WARN_OBJC_ROOT_CLASS = YES_ERROR;
				CLANG_WARN_RANGE_LOOP_ANALYSIS = YES;
				CLANG_WARN_STRICT_PROTOTYPES = YES;
				CLANG_WARN_SUSPICIOUS_MOVE = YES;
				CLANG_WARN_UNGUARDED_AVAILABILITY = YES_AGGRESSIVE;
				CLANG_WARN_UNREACHABLE_CODE = YES;
				CLANG_WARN__DUPLICATE_METHOD_MATCH = YES;
				CODE_SIGN_IDENTITY = "iPhone Developer";
				COPY_PHASE_STRIP = NO;
				DEBUG_INFORMATION_FORMAT = dwarf;
				ENABLE_STRICT_OBJC_MSGSEND = YES;
				ENABLE_TESTABILITY = YES;
				GCC_C_LANGUAGE_STANDARD = gnu11;
				GCC_DYNAMIC_NO_PIC = NO;
				GCC_NO_COMMON_BLOCKS = YES;
				GCC_OPTIMIZATION_LEVEL = 0;
				GCC_PREPROCESSOR_DEFINITIONS = (
					"DEBUG=1",
					"$(inherited)",
				);
				GCC_WARN_64_TO_32_BIT_CONVERSION = YES;
				GCC_WARN_ABOUT_RETURN_TYPE = YES_ERROR;
				GCC_WARN_UNDECLARED_SELECTOR = YES;
				GCC_WARN_UNINITIALIZED_AUTOS = YES_AGGRESSIVE;
				GCC_WARN_UNUSED_FUNCTION = YES;
				GCC_WARN_UNUSED_VARIABLE = YES;
				IPHONEOS_DEPLOYMENT_TARGET = 12.0;
				MTL_ENABLE_DEBUG_INFO = INCLUDE_SOURCE;
				MTL_FAST_MATH = YES;
				ONLY_ACTIVE_ARCH = YES;
				SDKROOT = iphoneos;
				SWIFT_ACTIVE_COMPILATION_CONDITIONS = DEBUG;
				SWIFT_OPTIMIZATION_LEVEL = "-Onone";
			};
			name = Debug;
		};
		349E2F6721B10BAF007400B2 /* Release */ = {
			isa = XCBuildConfiguration;
			buildSettings = {
				ALWAYS_SEARCH_USER_PATHS = NO;
				CLANG_ANALYZER_NONNULL = YES;
				CLANG_ANALYZER_NUMBER_OBJECT_CONVERSION = YES_AGGRESSIVE;
				CLANG_CXX_LANGUAGE_STANDARD = "gnu++14";
				CLANG_CXX_LIBRARY = "libc++";
				CLANG_ENABLE_MODULES = YES;
				CLANG_ENABLE_OBJC_ARC = YES;
				CLANG_ENABLE_OBJC_WEAK = YES;
				CLANG_WARN_BLOCK_CAPTURE_AUTORELEASING = YES;
				CLANG_WARN_BOOL_CONVERSION = YES;
				CLANG_WARN_COMMA = YES;
				CLANG_WARN_CONSTANT_CONVERSION = YES;
				CLANG_WARN_DEPRECATED_OBJC_IMPLEMENTATIONS = YES;
				CLANG_WARN_DIRECT_OBJC_ISA_USAGE = YES_ERROR;
				CLANG_WARN_DOCUMENTATION_COMMENTS = YES;
				CLANG_WARN_EMPTY_BODY = YES;
				CLANG_WARN_ENUM_CONVERSION = YES;
				CLANG_WARN_INFINITE_RECURSION = YES;
				CLANG_WARN_INT_CONVERSION = YES;
				CLANG_WARN_NON_LITERAL_NULL_CONVERSION = YES;
				CLANG_WARN_OBJC_IMPLICIT_RETAIN_SELF = YES;
				CLANG_WARN_OBJC_LITERAL_CONVERSION = YES;
				CLANG_WARN_OBJC_ROOT_CLASS = YES_ERROR;
				CLANG_WARN_RANGE_LOOP_ANALYSIS = YES;
				CLANG_WARN_STRICT_PROTOTYPES = YES;
				CLANG_WARN_SUSPICIOUS_MOVE = YES;
				CLANG_WARN_UNGUARDED_AVAILABILITY = YES_AGGRESSIVE;
				CLANG_WARN_UNREACHABLE_CODE = YES;
				CLANG_WARN__DUPLICATE_METHOD_MATCH = YES;
				CODE_SIGN_IDENTITY = "iPhone Developer";
				COPY_PHASE_STRIP = NO;
				DEBUG_INFORMATION_FORMAT = "dwarf-with-dsym";
				ENABLE_NS_ASSERTIONS = NO;
				ENABLE_STRICT_OBJC_MSGSEND = YES;
				GCC_C_LANGUAGE_STANDARD = gnu11;
				GCC_NO_COMMON_BLOCKS = YES;
				GCC_WARN_64_TO_32_BIT_CONVERSION = YES;
				GCC_WARN_ABOUT_RETURN_TYPE = YES_ERROR;
				GCC_WARN_UNDECLARED_SELECTOR = YES;
				GCC_WARN_UNINITIALIZED_AUTOS = YES_AGGRESSIVE;
				GCC_WARN_UNUSED_FUNCTION = YES;
				GCC_WARN_UNUSED_VARIABLE = YES;
				IPHONEOS_DEPLOYMENT_TARGET = 12.0;
				MTL_ENABLE_DEBUG_INFO = NO;
				MTL_FAST_MATH = YES;
				SDKROOT = iphoneos;
				SWIFT_COMPILATION_MODE = wholemodule;
				SWIFT_OPTIMIZATION_LEVEL = "-O";
				VALIDATE_PRODUCT = YES;
			};
			name = Release;
		};
		349E2F6921B10BAF007400B2 /* Debug */ = {
			isa = XCBuildConfiguration;
			buildSettings = {
				ASSETCATALOG_COMPILER_APPICON_NAME = AppIcon;
				CODE_SIGN_STYLE = Automatic;
				INFOPLIST_FILE = GoodNightFM/Info.plist;
				LD_RUNPATH_SEARCH_PATHS = (
					"$(inherited)",
					"@executable_path/Frameworks",
				);
				PRODUCT_BUNDLE_IDENTIFIER = taylor.GoodNightFM;
				PRODUCT_NAME = "$(TARGET_NAME)";
				SWIFT_VERSION = 4.2;
				TARGETED_DEVICE_FAMILY = "1,2";
			};
			name = Debug;
		};
		349E2F6A21B10BAF007400B2 /* Release */ = {
			isa = XCBuildConfiguration;
			buildSettings = {
				ASSETCATALOG_COMPILER_APPICON_NAME = AppIcon;
				CODE_SIGN_STYLE = Automatic;
				INFOPLIST_FILE = GoodNightFM/Info.plist;
				LD_RUNPATH_SEARCH_PATHS = (
					"$(inherited)",
					"@executable_path/Frameworks",
				);
				PRODUCT_BUNDLE_IDENTIFIER = taylor.GoodNightFM;
				PRODUCT_NAME = "$(TARGET_NAME)";
				SWIFT_VERSION = 4.2;
				TARGETED_DEVICE_FAMILY = "1,2";
			};
			name = Release;
		};
		349E2F6C21B10BAF007400B2 /* Debug */ = {
			isa = XCBuildConfiguration;
			buildSettings = {
				ALWAYS_EMBED_SWIFT_STANDARD_LIBRARIES = YES;
				BUNDLE_LOADER = "$(TEST_HOST)";
				CODE_SIGN_STYLE = Automatic;
				INFOPLIST_FILE = GoodNightFMTests/Info.plist;
				LD_RUNPATH_SEARCH_PATHS = (
					"$(inherited)",
					"@executable_path/Frameworks",
					"@loader_path/Frameworks",
				);
				PRODUCT_BUNDLE_IDENTIFIER = taylor.GoodNightFMTests;
				PRODUCT_NAME = "$(TARGET_NAME)";
				SWIFT_VERSION = 4.2;
				TARGETED_DEVICE_FAMILY = "1,2";
				TEST_HOST = "$(BUILT_PRODUCTS_DIR)/GoodNightFM.app/GoodNightFM";
			};
			name = Debug;
		};
		349E2F6D21B10BAF007400B2 /* Release */ = {
			isa = XCBuildConfiguration;
			buildSettings = {
				ALWAYS_EMBED_SWIFT_STANDARD_LIBRARIES = YES;
				BUNDLE_LOADER = "$(TEST_HOST)";
				CODE_SIGN_STYLE = Automatic;
				INFOPLIST_FILE = GoodNightFMTests/Info.plist;
				LD_RUNPATH_SEARCH_PATHS = (
					"$(inherited)",
					"@executable_path/Frameworks",
					"@loader_path/Frameworks",
				);
				PRODUCT_BUNDLE_IDENTIFIER = taylor.GoodNightFMTests;
				PRODUCT_NAME = "$(TARGET_NAME)";
				SWIFT_VERSION = 4.2;
				TARGETED_DEVICE_FAMILY = "1,2";
				TEST_HOST = "$(BUILT_PRODUCTS_DIR)/GoodNightFM.app/GoodNightFM";
			};
			name = Release;
		};
		349E2F6F21B10BAF007400B2 /* Debug */ = {
			isa = XCBuildConfiguration;
			buildSettings = {
				ALWAYS_EMBED_SWIFT_STANDARD_LIBRARIES = YES;
				CODE_SIGN_STYLE = Automatic;
				INFOPLIST_FILE = GoodNightFMUITests/Info.plist;
				LD_RUNPATH_SEARCH_PATHS = (
					"$(inherited)",
					"@executable_path/Frameworks",
					"@loader_path/Frameworks",
				);
				PRODUCT_BUNDLE_IDENTIFIER = taylor.GoodNightFMUITests;
				PRODUCT_NAME = "$(TARGET_NAME)";
				SWIFT_VERSION = 4.2;
				TARGETED_DEVICE_FAMILY = "1,2";
				TEST_TARGET_NAME = GoodNightFM;
			};
			name = Debug;
		};
		349E2F7021B10BAF007400B2 /* Release */ = {
			isa = XCBuildConfiguration;
			buildSettings = {
				ALWAYS_EMBED_SWIFT_STANDARD_LIBRARIES = YES;
				CODE_SIGN_STYLE = Automatic;
				INFOPLIST_FILE = GoodNightFMUITests/Info.plist;
				LD_RUNPATH_SEARCH_PATHS = (
					"$(inherited)",
					"@executable_path/Frameworks",
					"@loader_path/Frameworks",
				);
				PRODUCT_BUNDLE_IDENTIFIER = taylor.GoodNightFMUITests;
				PRODUCT_NAME = "$(TARGET_NAME)";
				SWIFT_VERSION = 4.2;
				TARGETED_DEVICE_FAMILY = "1,2";
				TEST_TARGET_NAME = GoodNightFM;
			};
			name = Release;
		};
/* End XCBuildConfiguration section */

/* Begin XCConfigurationList section */
		349E2F3B21B10BA6007400B2 /* Build configuration list for PBXProject "GoodNightFM" */ = {
			isa = XCConfigurationList;
			buildConfigurations = (
				349E2F6621B10BAF007400B2 /* Debug */,
				349E2F6721B10BAF007400B2 /* Release */,
			);
			defaultConfigurationIsVisible = 0;
			defaultConfigurationName = Release;
		};
		349E2F6821B10BAF007400B2 /* Build configuration list for PBXNativeTarget "GoodNightFM" */ = {
			isa = XCConfigurationList;
			buildConfigurations = (
				349E2F6921B10BAF007400B2 /* Debug */,
				349E2F6A21B10BAF007400B2 /* Release */,
			);
			defaultConfigurationIsVisible = 0;
			defaultConfigurationName = Release;
		};
		349E2F6B21B10BAF007400B2 /* Build configuration list for PBXNativeTarget "GoodNightFMTests" */ = {
			isa = XCConfigurationList;
			buildConfigurations = (
				349E2F6C21B10BAF007400B2 /* Debug */,
				349E2F6D21B10BAF007400B2 /* Release */,
			);
			defaultConfigurationIsVisible = 0;
			defaultConfigurationName = Release;
		};
		349E2F6E21B10BAF007400B2 /* Build configuration list for PBXNativeTarget "GoodNightFMUITests" */ = {
			isa = XCConfigurationList;
			buildConfigurations = (
				349E2F6F21B10BAF007400B2 /* Debug */,
				349E2F7021B10BAF007400B2 /* Release */,
			);
			defaultConfigurationIsVisible = 0;
			defaultConfigurationName = Release;
		};
/* End XCConfigurationList section */
	};
	rootObject = 349E2F3821B10BA6007400B2 /* Project object */;
}
